#!r6rs ; -*- mode: scheme; coding: utf-8 -*-
;; This file is automatically generated - do not change it by hand.
(import (akku format lockfile))
(projects
  ((name "wak-common")
    (location
      (url "https://archive.akkuscm.org/archive/pkg/w/wak-common_0.1.0-akku.15.6d495fc_repack.tar.xz"))
    (content
      (sha256
        "9c5170c85c885d9e35ce62dcf829597d31cc0b3697b79fe544640bf828c5a22d")))
  ((name "wak-irregex")
    (location
      (url "https://archive.akkuscm.org/archive/pkg/w/wak-irregex_0.8.1_repack.tar.xz"))
    (content
      (sha256
        "097677fcd0d3a7a741729d4b3bad04ea083fff0fc2cd9b0332b44d1e067a9eca")))
  ((name "chez-srfi")
    (location
      (url "https://archive.akkuscm.org/archive/pkg/c/chez-srfi_0.0.0-akku.181.7879b52_repack.tar.xz"))
    (content
      (sha256
        "f002bc7fc669b5980c885a5fb6770f8e016b06761e8e9755154bfa3a4f578fcb"))))
